// !$*UTF8*$!
{
	archiveVersion = 1;
	classes = {
	};
	objectVersion = 55;
	objects = {

/* Begin PBXBuildFile section */
		AF50A7B928A889530008B158 /* AuthViewModel.swift in Sources */ = {isa = PBXBuildFile; fileRef = AF50A7B828A889530008B158 /* AuthViewModel.swift */; };
		AFBB673128A851FF006452D4 /* newPostView.swift in Sources */ = {isa = PBXBuildFile; fileRef = AFBB673028A851FF006452D4 /* newPostView.swift */; };
		AFBB673328A852C8006452D4 /* newPostContentView.swift in Sources */ = {isa = PBXBuildFile; fileRef = AFBB673228A852C8006452D4 /* newPostContentView.swift */; };
		AFBB673528A85725006452D4 /* HomeView.swift in Sources */ = {isa = PBXBuildFile; fileRef = AFBB673428A85725006452D4 /* HomeView.swift */; };
		AFBB673728A86F70006452D4 /* GoogleService-Info.plist in Resources */ = {isa = PBXBuildFile; fileRef = AFBB673628A86F70006452D4 /* GoogleService-Info.plist */; };
		AFBB673A28A873A7006452D4 /* FirebaseAuth in Frameworks */ = {isa = PBXBuildFile; productRef = AFBB673928A873A7006452D4 /* FirebaseAuth */; };
		AFBB673C28A873A7006452D4 /* FirebaseFirestore in Frameworks */ = {isa = PBXBuildFile; productRef = AFBB673B28A873A7006452D4 /* FirebaseFirestore */; };
		AFBB673E28A873A7006452D4 /* FirebaseFirestoreSwift in Frameworks */ = {isa = PBXBuildFile; productRef = AFBB673D28A873A7006452D4 /* FirebaseFirestoreSwift */; };
		AFBB674028A873A7006452D4 /* FirebaseStorage in Frameworks */ = {isa = PBXBuildFile; productRef = AFBB673F28A873A7006452D4 /* FirebaseStorage */; };
		AFBB674628A87892006452D4 /* UserService.swift in Sources */ = {isa = PBXBuildFile; fileRef = AFBB674528A87892006452D4 /* UserService.swift */; };
		AFBB674C28A87C00006452D4 /* LoginView.swift in Sources */ = {isa = PBXBuildFile; fileRef = AFBB674B28A87C00006452D4 /* LoginView.swift */; };
		AFBB674E28A87C0C006452D4 /* RegistrationView.swift in Sources */ = {isa = PBXBuildFile; fileRef = AFBB674D28A87C0C006452D4 /* RegistrationView.swift */; };
		AFBB675128A87E2B006452D4 /* RoundedShape.swift in Sources */ = {isa = PBXBuildFile; fileRef = AFBB675028A87E2B006452D4 /* RoundedShape.swift */; };
		AFE84D1928A8211F004F83C9 /* magneticApp.swift in Sources */ = {isa = PBXBuildFile; fileRef = AFE84D1828A8211F004F83C9 /* magneticApp.swift */; };
		AFE84D1B28A8211F004F83C9 /* ContentView.swift in Sources */ = {isa = PBXBuildFile; fileRef = AFE84D1A28A8211F004F83C9 /* ContentView.swift */; };
		AFE84D1D28A82122004F83C9 /* Assets.xcassets in Resources */ = {isa = PBXBuildFile; fileRef = AFE84D1C28A82122004F83C9 /* Assets.xcassets */; };
		AFE84D2028A82122004F83C9 /* Preview Assets.xcassets in Resources */ = {isa = PBXBuildFile; fileRef = AFE84D1F28A82122004F83C9 /* Preview Assets.xcassets */; };
		AFFA4FB928A82C7300AA7029 /* SingularPost.swift in Sources */ = {isa = PBXBuildFile; fileRef = AFFA4FB828A82C7300AA7029 /* SingularPost.swift */; };
		AFFA4FBB28A82CC100AA7029 /* PreviewContent.swift in Sources */ = {isa = PBXBuildFile; fileRef = AFFA4FBA28A82CC100AA7029 /* PreviewContent.swift */; };
		AFFA4FBD28A82D2E00AA7029 /* Entensions.swift in Sources */ = {isa = PBXBuildFile; fileRef = AFFA4FBC28A82D2E00AA7029 /* Entensions.swift */; };
		AFFA4FBF28A82EC000AA7029 /* PostModel.swift in Sources */ = {isa = PBXBuildFile; fileRef = AFFA4FBE28A82EC000AA7029 /* PostModel.swift */; };
		AFFA4FC128A832AF00AA7029 /* VideoView.swift in Sources */ = {isa = PBXBuildFile; fileRef = AFFA4FC028A832AF00AA7029 /* VideoView.swift */; };
		AFFA4FC328A83F6500AA7029 /* PostViewModel.swift in Sources */ = {isa = PBXBuildFile; fileRef = AFFA4FC228A83F6500AA7029 /* PostViewModel.swift */; };
		AFFA4FC528A83FA900AA7029 /* AllPostsView.swift in Sources */ = {isa = PBXBuildFile; fileRef = AFFA4FC428A83FA900AA7029 /* AllPostsView.swift */; };
		AFFA4FCB28A8476E00AA7029 /* LeaderboardView.swift in Sources */ = {isa = PBXBuildFile; fileRef = AFFA4FCA28A8476E00AA7029 /* LeaderboardView.swift */; };
/* End PBXBuildFile section */

/* Begin PBXFileReference section */
		AF50A7B828A889530008B158 /* AuthViewModel.swift */ = {isa = PBXFileReference; lastKnownFileType = sourcecode.swift; path = AuthViewModel.swift; sourceTree = "<group>"; };
		AFBB673028A851FF006452D4 /* newPostView.swift */ = {isa = PBXFileReference; lastKnownFileType = sourcecode.swift; path = newPostView.swift; sourceTree = "<group>"; };
		AFBB673228A852C8006452D4 /* newPostContentView.swift */ = {isa = PBXFileReference; lastKnownFileType = sourcecode.swift; path = newPostContentView.swift; sourceTree = "<group>"; };
		AFBB673428A85725006452D4 /* HomeView.swift */ = {isa = PBXFileReference; lastKnownFileType = sourcecode.swift; path = HomeView.swift; sourceTree = "<group>"; };
		AFBB673628A86F70006452D4 /* GoogleService-Info.plist */ = {isa = PBXFileReference; lastKnownFileType = text.plist; path = "GoogleService-Info.plist"; sourceTree = SOURCE_ROOT; };
		AFBB674528A87892006452D4 /* UserService.swift */ = {isa = PBXFileReference; lastKnownFileType = sourcecode.swift; path = UserService.swift; sourceTree = "<group>"; };
		AFBB674B28A87C00006452D4 /* LoginView.swift */ = {isa = PBXFileReference; lastKnownFileType = sourcecode.swift; path = LoginView.swift; sourceTree = "<group>"; };
		AFBB674D28A87C0C006452D4 /* RegistrationView.swift */ = {isa = PBXFileReference; lastKnownFileType = sourcecode.swift; path = RegistrationView.swift; sourceTree = "<group>"; };
		AFBB675028A87E2B006452D4 /* RoundedShape.swift */ = {isa = PBXFileReference; lastKnownFileType = sourcecode.swift; path = RoundedShape.swift; sourceTree = "<group>"; };
		AFE84D1528A8211F004F83C9 /* magnetic.app */ = {isa = PBXFileReference; explicitFileType = wrapper.application; includeInIndex = 0; path = magnetic.app; sourceTree = BUILT_PRODUCTS_DIR; };
		AFE84D1828A8211F004F83C9 /* magneticApp.swift */ = {isa = PBXFileReference; lastKnownFileType = sourcecode.swift; path = magneticApp.swift; sourceTree = "<group>"; };
		AFE84D1A28A8211F004F83C9 /* ContentView.swift */ = {isa = PBXFileReference; lastKnownFileType = sourcecode.swift; path = ContentView.swift; sourceTree = "<group>"; };
		AFE84D1C28A82122004F83C9 /* Assets.xcassets */ = {isa = PBXFileReference; lastKnownFileType = folder.assetcatalog; path = Assets.xcassets; sourceTree = "<group>"; };
		AFE84D1F28A82122004F83C9 /* Preview Assets.xcassets */ = {isa = PBXFileReference; lastKnownFileType = folder.assetcatalog; path = "Preview Assets.xcassets"; sourceTree = "<group>"; };
		AFFA4FB828A82C7300AA7029 /* SingularPost.swift */ = {isa = PBXFileReference; lastKnownFileType = sourcecode.swift; path = SingularPost.swift; sourceTree = "<group>"; };
		AFFA4FBA28A82CC100AA7029 /* PreviewContent.swift */ = {isa = PBXFileReference; lastKnownFileType = sourcecode.swift; path = PreviewContent.swift; sourceTree = "<group>"; };
		AFFA4FBC28A82D2E00AA7029 /* Entensions.swift */ = {isa = PBXFileReference; lastKnownFileType = sourcecode.swift; path = Entensions.swift; sourceTree = "<group>"; };
		AFFA4FBE28A82EC000AA7029 /* PostModel.swift */ = {isa = PBXFileReference; lastKnownFileType = sourcecode.swift; path = PostModel.swift; sourceTree = "<group>"; };
		AFFA4FC028A832AF00AA7029 /* VideoView.swift */ = {isa = PBXFileReference; lastKnownFileType = sourcecode.swift; path = VideoView.swift; sourceTree = "<group>"; };
		AFFA4FC228A83F6500AA7029 /* PostViewModel.swift */ = {isa = PBXFileReference; lastKnownFileType = sourcecode.swift; path = PostViewModel.swift; sourceTree = "<group>"; };
		AFFA4FC428A83FA900AA7029 /* AllPostsView.swift */ = {isa = PBXFileReference; lastKnownFileType = sourcecode.swift; path = AllPostsView.swift; sourceTree = "<group>"; };
		AFFA4FCA28A8476E00AA7029 /* LeaderboardView.swift */ = {isa = PBXFileReference; lastKnownFileType = sourcecode.swift; path = LeaderboardView.swift; sourceTree = "<group>"; };
/* End PBXFileReference section */

/* Begin PBXFrameworksBuildPhase section */
		AFE84D1228A8211F004F83C9 /* Frameworks */ = {
			isa = PBXFrameworksBuildPhase;
			buildActionMask = 2147483647;
			files = (
				AFBB673A28A873A7006452D4 /* FirebaseAuth in Frameworks */,
				AFBB674028A873A7006452D4 /* FirebaseStorage in Frameworks */,
				AFBB673C28A873A7006452D4 /* FirebaseFirestore in Frameworks */,
				AFBB673E28A873A7006452D4 /* FirebaseFirestoreSwift in Frameworks */,
			);
			runOnlyForDeploymentPostprocessing = 0;
		};
/* End PBXFrameworksBuildPhase section */

/* Begin PBXGroup section */
		AFBB674128A87625006452D4 /* HomePage */ = {
			isa = PBXGroup;
			children = (
				AFBB674228A8765C006452D4 /* Popup */,
				AFFA4FBE28A82EC000AA7029 /* PostModel.swift */,
				AFFA4FB828A82C7300AA7029 /* SingularPost.swift */,
				AFFA4FC028A832AF00AA7029 /* VideoView.swift */,
				AFFA4FC228A83F6500AA7029 /* PostViewModel.swift */,
				AFFA4FC428A83FA900AA7029 /* AllPostsView.swift */,
			);
			path = HomePage;
			sourceTree = "<group>";
		};
		AFBB674228A8765C006452D4 /* Popup */ = {
			isa = PBXGroup;
			children = (
				AFBB673228A852C8006452D4 /* newPostContentView.swift */,
				AFBB673028A851FF006452D4 /* newPostView.swift */,
			);
			path = Popup;
			sourceTree = "<group>";
		};
		AFBB674428A8786F006452D4 /* Service */ = {
			isa = PBXGroup;
			children = (
				AFBB674528A87892006452D4 /* UserService.swift */,
			);
			path = Service;
			sourceTree = "<group>";
		};
		AFBB674728A87918006452D4 /* Authentication */ = {
			isa = PBXGroup;
			children = (
				AFBB674A28A87BDD006452D4 /* Views */,
				AFBB674928A87BC7006452D4 /* ViewModel */,
			);
			path = Authentication;
			sourceTree = "<group>";
		};
		AFBB674928A87BC7006452D4 /* ViewModel */ = {
			isa = PBXGroup;
			children = (
				AF50A7B828A889530008B158 /* AuthViewModel.swift */,
			);
			path = ViewModel;
			sourceTree = "<group>";
		};
		AFBB674A28A87BDD006452D4 /* Views */ = {
			isa = PBXGroup;
			children = (
				AFBB674B28A87C00006452D4 /* LoginView.swift */,
				AFBB674D28A87C0C006452D4 /* RegistrationView.swift */,
			);
			path = Views;
			sourceTree = "<group>";
		};
		AFBB674F28A87E07006452D4 /* Components */ = {
			isa = PBXGroup;
			children = (
				AFBB675028A87E2B006452D4 /* RoundedShape.swift */,
			);
			path = Components;
			sourceTree = "<group>";
		};
		AFE84D0C28A8211F004F83C9 = {
			isa = PBXGroup;
			children = (
				AFE84D1728A8211F004F83C9 /* magnetic */,
				AFE84D1628A8211F004F83C9 /* Products */,
			);
			sourceTree = "<group>";
		};
		AFE84D1628A8211F004F83C9 /* Products */ = {
			isa = PBXGroup;
			children = (
				AFE84D1528A8211F004F83C9 /* magnetic.app */,
			);
			name = Products;
			sourceTree = "<group>";
		};
		AFE84D1728A8211F004F83C9 /* magnetic */ = {
			isa = PBXGroup;
			children = (
				AFE84D1828A8211F004F83C9 /* magneticApp.swift */,
				AFE84D1A28A8211F004F83C9 /* ContentView.swift */,
				AFFA4FCA28A8476E00AA7029 /* LeaderboardView.swift */,
				AFBB673428A85725006452D4 /* HomeView.swift */,
				AFFA4FBC28A82D2E00AA7029 /* Entensions.swift */,
				AFBB674F28A87E07006452D4 /* Components */,
				AFBB674728A87918006452D4 /* Authentication */,
				AFBB674428A8786F006452D4 /* Service */,
				AFBB674128A87625006452D4 /* HomePage */,
				AFE84D1C28A82122004F83C9 /* Assets.xcassets */,
				AFBB673628A86F70006452D4 /* GoogleService-Info.plist */,
				AFE84D1E28A82122004F83C9 /* Preview Content */,
			);
			path = magnetic;
			sourceTree = "<group>";
		};
		AFE84D1E28A82122004F83C9 /* Preview Content */ = {
			isa = PBXGroup;
			children = (
				AFE84D1F28A82122004F83C9 /* Preview Assets.xcassets */,
				AFFA4FBA28A82CC100AA7029 /* PreviewContent.swift */,
			);
			path = "Preview Content";
			sourceTree = "<group>";
		};
/* End PBXGroup section */

/* Begin PBXNativeTarget section */
		AFE84D1428A8211F004F83C9 /* magnetic */ = {
			isa = PBXNativeTarget;
			buildConfigurationList = AFE84D2328A82122004F83C9 /* Build configuration list for PBXNativeTarget "magnetic" */;
			buildPhases = (
				AFE84D1128A8211F004F83C9 /* Sources */,
				AFE84D1228A8211F004F83C9 /* Frameworks */,
				AFE84D1328A8211F004F83C9 /* Resources */,
			);
			buildRules = (
			);
			dependencies = (
			);
			name = magnetic;
			packageProductDependencies = (
				AFBB673928A873A7006452D4 /* FirebaseAuth */,
				AFBB673B28A873A7006452D4 /* FirebaseFirestore */,
				AFBB673D28A873A7006452D4 /* FirebaseFirestoreSwift */,
				AFBB673F28A873A7006452D4 /* FirebaseStorage */,
			);
			productName = magnetic;
			productReference = AFE84D1528A8211F004F83C9 /* magnetic.app */;
			productType = "com.apple.product-type.application";
		};
/* End PBXNativeTarget section */

/* Begin PBXProject section */
		AFE84D0D28A8211F004F83C9 /* Project object */ = {
			isa = PBXProject;
			attributes = {
				BuildIndependentTargetsInParallel = 1;
				LastSwiftUpdateCheck = 1340;
				LastUpgradeCheck = 1340;
				TargetAttributes = {
					AFE84D1428A8211F004F83C9 = {
						CreatedOnToolsVersion = 13.4.1;
					};
				};
			};
			buildConfigurationList = AFE84D1028A8211F004F83C9 /* Build configuration list for PBXProject "magnetic" */;
			compatibilityVersion = "Xcode 13.0";
			developmentRegion = en;
			hasScannedForEncodings = 0;
			knownRegions = (
				en,
				Base,
			);
			mainGroup = AFE84D0C28A8211F004F83C9;
			packageReferences = (
				AFBB673828A873A6006452D4 /* XCRemoteSwiftPackageReference "firebase-ios-sdk" */,
			);
			productRefGroup = AFE84D1628A8211F004F83C9 /* Products */;
			projectDirPath = "";
			projectRoot = "";
			targets = (
				AFE84D1428A8211F004F83C9 /* magnetic */,
			);
		};
/* End PBXProject section */

/* Begin PBXResourcesBuildPhase section */
		AFE84D1328A8211F004F83C9 /* Resources */ = {
			isa = PBXResourcesBuildPhase;
			buildActionMask = 2147483647;
			files = (
				AFE84D2028A82122004F83C9 /* Preview Assets.xcassets in Resources */,
				AFE84D1D28A82122004F83C9 /* Assets.xcassets in Resources */,
				AFBB673728A86F70006452D4 /* GoogleService-Info.plist in Resources */,
			);
			runOnlyForDeploymentPostprocessing = 0;
		};
/* End PBXResourcesBuildPhase section */

/* Begin PBXSourcesBuildPhase section */
		AFE84D1128A8211F004F83C9 /* Sources */ = {
			isa = PBXSourcesBuildPhase;
			buildActionMask = 2147483647;
			files = (
				AFBB674628A87892006452D4 /* UserService.swift in Sources */,
				AFFA4FCB28A8476E00AA7029 /* LeaderboardView.swift in Sources */,
				AFFA4FC328A83F6500AA7029 /* PostViewModel.swift in Sources */,
				AFBB674C28A87C00006452D4 /* LoginView.swift in Sources */,
				AFBB673528A85725006452D4 /* HomeView.swift in Sources */,
				AFFA4FBB28A82CC100AA7029 /* PreviewContent.swift in Sources */,
				AFFA4FC128A832AF00AA7029 /* VideoView.swift in Sources */,
				AFBB675128A87E2B006452D4 /* RoundedShape.swift in Sources */,
				AF50A7B928A889530008B158 /* AuthViewModel.swift in Sources */,
				AFBB674E28A87C0C006452D4 /* RegistrationView.swift in Sources */,
				AFBB673128A851FF006452D4 /* newPostView.swift in Sources */,
				AFBB673328A852C8006452D4 /* newPostContentView.swift in Sources */,
				AFFA4FBF28A82EC000AA7029 /* PostModel.swift in Sources */,
				AFE84D1B28A8211F004F83C9 /* ContentView.swift in Sources */,
				AFE84D1928A8211F004F83C9 /* magneticApp.swift in Sources */,
				AFFA4FBD28A82D2E00AA7029 /* Entensions.swift in Sources */,
				AFFA4FC528A83FA900AA7029 /* AllPostsView.swift in Sources */,
				AFFA4FB928A82C7300AA7029 /* SingularPost.swift in Sources */,
			);
			runOnlyForDeploymentPostprocessing = 0;
		};
/* End PBXSourcesBuildPhase section */

/* Begin XCBuildConfiguration section */
		AFE84D2128A82122004F83C9 /* Debug */ = {
			isa = XCBuildConfiguration;
			buildSettings = {
				ALWAYS_SEARCH_USER_PATHS = NO;
				CLANG_ANALYZER_NONNULL = YES;
				CLANG_ANALYZER_NUMBER_OBJECT_CONVERSION = YES_AGGRESSIVE;
				CLANG_CXX_LANGUAGE_STANDARD = "gnu++17";
				CLANG_ENABLE_MODULES = YES;
				CLANG_ENABLE_OBJC_ARC = YES;
				CLANG_ENABLE_OBJC_WEAK = YES;
				CLANG_WARN_BLOCK_CAPTURE_AUTORELEASING = YES;
				CLANG_WARN_BOOL_CONVERSION = YES;
				CLANG_WARN_COMMA = YES;
				CLANG_WARN_CONSTANT_CONVERSION = YES;
				CLANG_WARN_DEPRECATED_OBJC_IMPLEMENTATIONS = YES;
				CLANG_WARN_DIRECT_OBJC_ISA_USAGE = YES_ERROR;
				CLANG_WARN_DOCUMENTATION_COMMENTS = YES;
				CLANG_WARN_EMPTY_BODY = YES;
				CLANG_WARN_ENUM_CONVERSION = YES;
				CLANG_WARN_INFINITE_RECURSION = YES;
				CLANG_WARN_INT_CONVERSION = YES;
				CLANG_WARN_NON_LITERAL_NULL_CONVERSION = YES;
				CLANG_WARN_OBJC_IMPLICIT_RETAIN_SELF = YES;
				CLANG_WARN_OBJC_LITERAL_CONVERSION = YES;
				CLANG_WARN_OBJC_ROOT_CLASS = YES_ERROR;
				CLANG_WARN_QUOTED_INCLUDE_IN_FRAMEWORK_HEADER = YES;
				CLANG_WARN_RANGE_LOOP_ANALYSIS = YES;
				CLANG_WARN_STRICT_PROTOTYPES = YES;
				CLANG_WARN_SUSPICIOUS_MOVE = YES;
				CLANG_WARN_UNGUARDED_AVAILABILITY = YES_AGGRESSIVE;
				CLANG_WARN_UNREACHABLE_CODE = YES;
				CLANG_WARN__DUPLICATE_METHOD_MATCH = YES;
				COPY_PHASE_STRIP = NO;
				DEBUG_INFORMATION_FORMAT = dwarf;
				ENABLE_STRICT_OBJC_MSGSEND = YES;
				ENABLE_TESTABILITY = YES;
				GCC_C_LANGUAGE_STANDARD = gnu11;
				GCC_DYNAMIC_NO_PIC = NO;
				GCC_NO_COMMON_BLOCKS = YES;
				GCC_OPTIMIZATION_LEVEL = 0;
				GCC_PREPROCESSOR_DEFINITIONS = (
					"DEBUG=1",
					"$(inherited)",
				);
				GCC_WARN_64_TO_32_BIT_CONVERSION = YES;
				GCC_WARN_ABOUT_RETURN_TYPE = YES_ERROR;
				GCC_WARN_UNDECLARED_SELECTOR = YES;
				GCC_WARN_UNINITIALIZED_AUTOS = YES_AGGRESSIVE;
				GCC_WARN_UNUSED_FUNCTION = YES;
				GCC_WARN_UNUSED_VARIABLE = YES;
				IPHONEOS_DEPLOYMENT_TARGET = 15.5;
				MTL_ENABLE_DEBUG_INFO = INCLUDE_SOURCE;
				MTL_FAST_MATH = YES;
				ONLY_ACTIVE_ARCH = YES;
				SDKROOT = iphoneos;
				SWIFT_ACTIVE_COMPILATION_CONDITIONS = DEBUG;
				SWIFT_OPTIMIZATION_LEVEL = "-Onone";
			};
			name = Debug;
		};
		AFE84D2228A82122004F83C9 /* Release */ = {
			isa = XCBuildConfiguration;
			buildSettings = {
				ALWAYS_SEARCH_USER_PATHS = NO;
				CLANG_ANALYZER_NONNULL = YES;
				CLANG_ANALYZER_NUMBER_OBJECT_CONVERSION = YES_AGGRESSIVE;
				CLANG_CXX_LANGUAGE_STANDARD = "gnu++17";
				CLANG_ENABLE_MODULES = YES;
				CLANG_ENABLE_OBJC_ARC = YES;
				CLANG_ENABLE_OBJC_WEAK = YES;
				CLANG_WARN_BLOCK_CAPTURE_AUTORELEASING = YES;
				CLANG_WARN_BOOL_CONVERSION = YES;
				CLANG_WARN_COMMA = YES;
				CLANG_WARN_CONSTANT_CONVERSION = YES;
				CLANG_WARN_DEPRECATED_OBJC_IMPLEMENTATIONS = YES;
				CLANG_WARN_DIRECT_OBJC_ISA_USAGE = YES_ERROR;
				CLANG_WARN_DOCUMENTATION_COMMENTS = YES;
				CLANG_WARN_EMPTY_BODY = YES;
				CLANG_WARN_ENUM_CONVERSION = YES;
				CLANG_WARN_INFINITE_RECURSION = YES;
				CLANG_WARN_INT_CONVERSION = YES;
				CLANG_WARN_NON_LITERAL_NULL_CONVERSION = YES;
				CLANG_WARN_OBJC_IMPLICIT_RETAIN_SELF = YES;
				CLANG_WARN_OBJC_LITERAL_CONVERSION = YES;
				CLANG_WARN_OBJC_ROOT_CLASS = YES_ERROR;
				CLANG_WARN_QUOTED_INCLUDE_IN_FRAMEWORK_HEADER = YES;
				CLANG_WARN_RANGE_LOOP_ANALYSIS = YES;
				CLANG_WARN_STRICT_PROTOTYPES = YES;
				CLANG_WARN_SUSPICIOUS_MOVE = YES;
				CLANG_WARN_UNGUARDED_AVAILABILITY = YES_AGGRESSIVE;
				CLANG_WARN_UNREACHABLE_CODE = YES;
				CLANG_WARN__DUPLICATE_METHOD_MATCH = YES;
				COPY_PHASE_STRIP = NO;
				DEBUG_INFORMATION_FORMAT = "dwarf-with-dsym";
				ENABLE_NS_ASSERTIONS = NO;
				ENABLE_STRICT_OBJC_MSGSEND = YES;
				GCC_C_LANGUAGE_STANDARD = gnu11;
				GCC_NO_COMMON_BLOCKS = YES;
				GCC_WARN_64_TO_32_BIT_CONVERSION = YES;
				GCC_WARN_ABOUT_RETURN_TYPE = YES_ERROR;
				GCC_WARN_UNDECLARED_SELECTOR = YES;
				GCC_WARN_UNINITIALIZED_AUTOS = YES_AGGRESSIVE;
				GCC_WARN_UNUSED_FUNCTION = YES;
				GCC_WARN_UNUSED_VARIABLE = YES;
				IPHONEOS_DEPLOYMENT_TARGET = 15.5;
				MTL_ENABLE_DEBUG_INFO = NO;
				MTL_FAST_MATH = YES;
				SDKROOT = iphoneos;
				SWIFT_COMPILATION_MODE = wholemodule;
				SWIFT_OPTIMIZATION_LEVEL = "-O";
				VALIDATE_PRODUCT = YES;
			};
			name = Release;
		};
		AFE84D2428A82122004F83C9 /* Debug */ = {
			isa = XCBuildConfiguration;
			buildSettings = {
				ASSETCATALOG_COMPILER_APPICON_NAME = AppIcon;
				ASSETCATALOG_COMPILER_GLOBAL_ACCENT_COLOR_NAME = AccentColor;
				CODE_SIGN_STYLE = Automatic;
				CURRENT_PROJECT_VERSION = 1;
				DEVELOPMENT_ASSET_PATHS = "\"magnetic/Preview Content\"";
				ENABLE_PREVIEWS = YES;
				GENERATE_INFOPLIST_FILE = YES;
				INFOPLIST_KEY_UIApplicationSceneManifest_Generation = YES;
				INFOPLIST_KEY_UIApplicationSupportsIndirectInputEvents = YES;
				INFOPLIST_KEY_UILaunchScreen_Generation = YES;
				INFOPLIST_KEY_UISupportedInterfaceOrientations_iPad = "UIInterfaceOrientationPortrait UIInterfaceOrientationPortraitUpsideDown UIInterfaceOrientationLandscapeLeft UIInterfaceOrientationLandscapeRight";
				INFOPLIST_KEY_UISupportedInterfaceOrientations_iPhone = "UIInterfaceOrientationPortrait UIInterfaceOrientationLandscapeLeft UIInterfaceOrientationLandscapeRight";
				LD_RUNPATH_SEARCH_PATHS = (
					"$(inherited)",
					"@executable_path/Frameworks",
				);
				MARKETING_VERSION = 1.0;
				PRODUCT_BUNDLE_IDENTIFIER = jiajiah.magnetic;
				PRODUCT_NAME = "$(TARGET_NAME)";
				SWIFT_EMIT_LOC_STRINGS = YES;
				SWIFT_VERSION = 5.0;
				TARGETED_DEVICE_FAMILY = "1,2";
			};
			name = Debug;
		};
		AFE84D2528A82122004F83C9 /* Release */ = {
			isa = XCBuildConfiguration;
			buildSettings = {
				ASSETCATALOG_COMPILER_APPICON_NAME = AppIcon;
				ASSETCATALOG_COMPILER_GLOBAL_ACCENT_COLOR_NAME = AccentColor;
				CODE_SIGN_STYLE = Automatic;
				CURRENT_PROJECT_VERSION = 1;
				DEVELOPMENT_ASSET_PATHS = "\"magnetic/Preview Content\"";
				ENABLE_PREVIEWS = YES;
				GENERATE_INFOPLIST_FILE = YES;
				INFOPLIST_KEY_UIApplicationSceneManifest_Generation = YES;
				INFOPLIST_KEY_UIApplicationSupportsIndirectInputEvents = YES;
				INFOPLIST_KEY_UILaunchScreen_Generation = YES;
				INFOPLIST_KEY_UISupportedInterfaceOrientations_iPad = "UIInterfaceOrientationPortrait UIInterfaceOrientationPortraitUpsideDown UIInterfaceOrientationLandscapeLeft UIInterfaceOrientationLandscapeRight";
				INFOPLIST_KEY_UISupportedInterfaceOrientations_iPhone = "UIInterfaceOrientationPortrait UIInterfaceOrientationLandscapeLeft UIInterfaceOrientationLandscapeRight";
				LD_RUNPATH_SEARCH_PATHS = (
					"$(inherited)",
					"@executable_path/Frameworks",
				);
				MARKETING_VERSION = 1.0;
				PRODUCT_BUNDLE_IDENTIFIER = jiajiah.magnetic;
				PRODUCT_NAME = "$(TARGET_NAME)";
				SWIFT_EMIT_LOC_STRINGS = YES;
				SWIFT_VERSION = 5.0;
				TARGETED_DEVICE_FAMILY = "1,2";
			};
			name = Release;
		};
/* End XCBuildConfiguration section */

/* Begin XCConfigurationList section */
		AFE84D1028A8211F004F83C9 /* Build configuration list for PBXProject "magnetic" */ = {
			isa = XCConfigurationList;
			buildConfigurations = (
				AFE84D2128A82122004F83C9 /* Debug */,
				AFE84D2228A82122004F83C9 /* Release */,
			);
			defaultConfigurationIsVisible = 0;
			defaultConfigurationName = Release;
		};
		AFE84D2328A82122004F83C9 /* Build configuration list for PBXNativeTarget "magnetic" */ = {
			isa = XCConfigurationList;
			buildConfigurations = (
				AFE84D2428A82122004F83C9 /* Debug */,
				AFE84D2528A82122004F83C9 /* Release */,
			);
			defaultConfigurationIsVisible = 0;
			defaultConfigurationName = Release;
		};
/* End XCConfigurationList section */

/* Begin XCRemoteSwiftPackageReference section */
		AFBB673828A873A6006452D4 /* XCRemoteSwiftPackageReference "firebase-ios-sdk" */ = {
			isa = XCRemoteSwiftPackageReference;
			repositoryURL = "https://github.com/firebase/firebase-ios-sdk";
			requirement = {
				kind = upToNextMajorVersion;
				minimumVersion = 9.0.0;
			};
		};
/* End XCRemoteSwiftPackageReference section */

/* Begin XCSwiftPackageProductDependency section */
		AFBB673928A873A7006452D4 /* FirebaseAuth */ = {
			isa = XCSwiftPackageProductDependency;
			package = AFBB673828A873A6006452D4 /* XCRemoteSwiftPackageReference "firebase-ios-sdk" */;
			productName = FirebaseAuth;
		};
		AFBB673B28A873A7006452D4 /* FirebaseFirestore */ = {
			isa = XCSwiftPackageProductDependency;
			package = AFBB673828A873A6006452D4 /* XCRemoteSwiftPackageReference "firebase-ios-sdk" */;
			productName = FirebaseFirestore;
		};
		AFBB673D28A873A7006452D4 /* FirebaseFirestoreSwift */ = {
			isa = XCSwiftPackageProductDependency;
			package = AFBB673828A873A6006452D4 /* XCRemoteSwiftPackageReference "firebase-ios-sdk" */;
			productName = FirebaseFirestoreSwift;
		};
		AFBB673F28A873A7006452D4 /* FirebaseStorage */ = {
			isa = XCSwiftPackageProductDependency;
			package = AFBB673828A873A6006452D4 /* XCRemoteSwiftPackageReference "firebase-ios-sdk" */;
			productName = FirebaseStorage;
		};
/* End XCSwiftPackageProductDependency section */
	};
	rootObject = AFE84D0D28A8211F004F83C9 /* Project object */;
}
